// !$*UTF8*$!
{
	archiveVersion = 1;
	classes = {
	};
	objectVersion = 56;
	objects = {

/* Begin PBXBuildFile section */
		0639A5732B7C228C00640429 /* AppDelegate.swift in Sources */ = {isa = PBXBuildFile; fileRef = 0639A5722B7C228C00640429 /* AppDelegate.swift */; };
		0639A5752B7C228C00640429 /* SceneDelegate.swift in Sources */ = {isa = PBXBuildFile; fileRef = 0639A5742B7C228C00640429 /* SceneDelegate.swift */; };
		0639A5772B7C228C00640429 /* ViewController.swift in Sources */ = {isa = PBXBuildFile; fileRef = 0639A5762B7C228C00640429 /* ViewController.swift */; };
		0639A57A2B7C228C00640429 /* Main.storyboard in Resources */ = {isa = PBXBuildFile; fileRef = 0639A5782B7C228C00640429 /* Main.storyboard */; };
		0639A57C2B7C228D00640429 /* Assets.xcassets in Resources */ = {isa = PBXBuildFile; fileRef = 0639A57B2B7C228D00640429 /* Assets.xcassets */; };
		0639A57F2B7C228D00640429 /* LaunchScreen.storyboard in Resources */ = {isa = PBXBuildFile; fileRef = 0639A57D2B7C228D00640429 /* LaunchScreen.storyboard */; };
		06F0F9B52B8D2B5F00C418C8 /* DropdownTableViewController.swift in Sources */ = {isa = PBXBuildFile; fileRef = 06F0F9B42B8D2B5F00C418C8 /* DropdownTableViewController.swift */; };
		06F0F9B72B8D3D9200C418C8 /* FloatingModalPresentationController.swift in Sources */ = {isa = PBXBuildFile; fileRef = 06F0F9B62B8D3D9200C418C8 /* FloatingModalPresentationController.swift */; };
		06F0F9BF2B8E4B6300C418C8 /* DropdownTableViewCell.swift in Sources */ = {isa = PBXBuildFile; fileRef = 06F0F9BE2B8E4B6300C418C8 /* DropdownTableViewCell.swift */; };
/* End PBXBuildFile section */

/* Begin PBXFileReference section */
		0639A56F2B7C228C00640429 /* dropDownExample.app */ = {isa = PBXFileReference; explicitFileType = wrapper.application; includeInIndex = 0; path = dropDownExample.app; sourceTree = BUILT_PRODUCTS_DIR; };
		0639A5722B7C228C00640429 /* AppDelegate.swift */ = {isa = PBXFileReference; lastKnownFileType = sourcecode.swift; path = AppDelegate.swift; sourceTree = "<group>"; };
		0639A5742B7C228C00640429 /* SceneDelegate.swift */ = {isa = PBXFileReference; lastKnownFileType = sourcecode.swift; path = SceneDelegate.swift; sourceTree = "<group>"; };
		0639A5762B7C228C00640429 /* ViewController.swift */ = {isa = PBXFileReference; lastKnownFileType = sourcecode.swift; path = ViewController.swift; sourceTree = "<group>"; };
		0639A5792B7C228C00640429 /* Base */ = {isa = PBXFileReference; lastKnownFileType = file.storyboard; name = Base; path = Base.lproj/Main.storyboard; sourceTree = "<group>"; };
		0639A57B2B7C228D00640429 /* Assets.xcassets */ = {isa = PBXFileReference; lastKnownFileType = folder.assetcatalog; path = Assets.xcassets; sourceTree = "<group>"; };
		0639A57E2B7C228D00640429 /* Base */ = {isa = PBXFileReference; lastKnownFileType = file.storyboard; name = Base; path = Base.lproj/LaunchScreen.storyboard; sourceTree = "<group>"; };
		0639A5802B7C228D00640429 /* Info.plist */ = {isa = PBXFileReference; lastKnownFileType = text.plist.xml; path = Info.plist; sourceTree = "<group>"; };
		06F0F9B42B8D2B5F00C418C8 /* DropdownTableViewController.swift */ = {isa = PBXFileReference; lastKnownFileType = sourcecode.swift; path = DropdownTableViewController.swift; sourceTree = "<group>"; };
		06F0F9B62B8D3D9200C418C8 /* FloatingModalPresentationController.swift */ = {isa = PBXFileReference; lastKnownFileType = sourcecode.swift; path = FloatingModalPresentationController.swift; sourceTree = "<group>"; };
		06F0F9BE2B8E4B6300C418C8 /* DropdownTableViewCell.swift */ = {isa = PBXFileReference; lastKnownFileType = sourcecode.swift; path = DropdownTableViewCell.swift; sourceTree = "<group>"; };
/* End PBXFileReference section */

/* Begin PBXFrameworksBuildPhase section */
		0639A56C2B7C228C00640429 /* Frameworks */ = {
			isa = PBXFrameworksBuildPhase;
			buildActionMask = 2147483647;
			files = (
			);
			runOnlyForDeploymentPostprocessing = 0;
		};
/* End PBXFrameworksBuildPhase section */

/* Begin PBXGroup section */
		0639A5662B7C228C00640429 = {
			isa = PBXGroup;
			children = (
				0639A5712B7C228C00640429 /* dropDownExample */,
				0639A5702B7C228C00640429 /* Products */,
			);
			sourceTree = "<group>";
		};
		0639A5702B7C228C00640429 /* Products */ = {
			isa = PBXGroup;
			children = (
				0639A56F2B7C228C00640429 /* dropDownExample.app */,
			);
			name = Products;
			sourceTree = "<group>";
		};
		0639A5712B7C228C00640429 /* dropDownExample */ = {
			isa = PBXGroup;
			children = (
				0639A5722B7C228C00640429 /* AppDelegate.swift */,
				0639A5742B7C228C00640429 /* SceneDelegate.swift */,
				0639A5762B7C228C00640429 /* ViewController.swift */,
				0639A5782B7C228C00640429 /* Main.storyboard */,
				0639A57B2B7C228D00640429 /* Assets.xcassets */,
				0639A57D2B7C228D00640429 /* LaunchScreen.storyboard */,
				0639A5802B7C228D00640429 /* Info.plist */,
				06F0F9B42B8D2B5F00C418C8 /* DropdownTableViewController.swift */,
				06F0F9B62B8D3D9200C418C8 /* FloatingModalPresentationController.swift */,
				06F0F9BE2B8E4B6300C418C8 /* DropdownTableViewCell.swift */,
			);
			path = dropDownExample;
			sourceTree = "<group>";
		};
/* End PBXGroup section */

/* Begin PBXNativeTarget section */
		0639A56E2B7C228C00640429 /* dropDownExample */ = {
			isa = PBXNativeTarget;
			buildConfigurationList = 0639A5832B7C228D00640429 /* Build configuration list for PBXNativeTarget "dropDownExample" */;
			buildPhases = (
				0639A56B2B7C228C00640429 /* Sources */,
				0639A56C2B7C228C00640429 /* Frameworks */,
				0639A56D2B7C228C00640429 /* Resources */,
			);
			buildRules = (
			);
			dependencies = (
			);
			name = dropDownExample;
			productName = dropDownExample;
			productReference = 0639A56F2B7C228C00640429 /* dropDownExample.app */;
			productType = "com.apple.product-type.application";
		};
/* End PBXNativeTarget section */

/* Begin PBXProject section */
		0639A5672B7C228C00640429 /* Project object */ = {
			isa = PBXProject;
			attributes = {
				BuildIndependentTargetsInParallel = 1;
				LastSwiftUpdateCheck = 1520;
				LastUpgradeCheck = 1520;
				TargetAttributes = {
					0639A56E2B7C228C00640429 = {
						CreatedOnToolsVersion = 15.2;
					};
				};
			};
			buildConfigurationList = 0639A56A2B7C228C00640429 /* Build configuration list for PBXProject "dropDownExample" */;
			compatibilityVersion = "Xcode 14.0";
			developmentRegion = en;
			hasScannedForEncodings = 0;
			knownRegions = (
				en,
				Base,
			);
			mainGroup = 0639A5662B7C228C00640429;
			productRefGroup = 0639A5702B7C228C00640429 /* Products */;
			projectDirPath = "";
			projectRoot = "";
			targets = (
				0639A56E2B7C228C00640429 /* dropDownExample */,
			);
		};
/* End PBXProject section */

/* Begin PBXResourcesBuildPhase section */
		0639A56D2B7C228C00640429 /* Resources */ = {
			isa = PBXResourcesBuildPhase;
			buildActionMask = 2147483647;
			files = (
				0639A57F2B7C228D00640429 /* LaunchScreen.storyboard in Resources */,
				0639A57C2B7C228D00640429 /* Assets.xcassets in Resources */,
				0639A57A2B7C228C00640429 /* Main.storyboard in Resources */,
			);
			runOnlyForDeploymentPostprocessing = 0;
		};
/* End PBXResourcesBuildPhase section */

/* Begin PBXSourcesBuildPhase section */
		0639A56B2B7C228C00640429 /* Sources */ = {
			isa = PBXSourcesBuildPhase;
			buildActionMask = 2147483647;
			files = (
				06F0F9BF2B8E4B6300C418C8 /* DropdownTableViewCell.swift in Sources */,
				06F0F9B72B8D3D9200C418C8 /* FloatingModalPresentationController.swift in Sources */,
				06F0F9B52B8D2B5F00C418C8 /* DropdownTableViewController.swift in Sources */,
				0639A5772B7C228C00640429 /* ViewController.swift in Sources */,
				0639A5732B7C228C00640429 /* AppDelegate.swift in Sources */,
				0639A5752B7C228C00640429 /* SceneDelegate.swift in Sources */,
			);
			runOnlyForDeploymentPostprocessing = 0;
		};
/* End PBXSourcesBuildPhase section */

/* Begin PBXVariantGroup section */
		0639A5782B7C228C00640429 /* Main.storyboard */ = {
			isa = PBXVariantGroup;
			children = (
				0639A5792B7C228C00640429 /* Base */,
			);
			name = Main.storyboard;
			sourceTree = "<group>";
		};
		0639A57D2B7C228D00640429 /* LaunchScreen.storyboard */ = {
			isa = PBXVariantGroup;
			children = (
				0639A57E2B7C228D00640429 /* Base */,
			);
			name = LaunchScreen.storyboard;
			sourceTree = "<group>";
		};
/* End PBXVariantGroup section */

/* Begin XCBuildConfiguration section */
		0639A5812B7C228D00640429 /* Debug */ = {
			isa = XCBuildConfiguration;
			buildSettings = {
				ALWAYS_SEARCH_USER_PATHS = NO;
				ASSETCATALOG_COMPILER_GENERATE_SWIFT_ASSET_SYMBOL_EXTENSIONS = YES;
				CLANG_ANALYZER_NONNULL = YES;
				CLANG_ANALYZER_NUMBER_OBJECT_CONVERSION = YES_AGGRESSIVE;
				CLANG_CXX_LANGUAGE_STANDARD = "gnu++20";
				CLANG_ENABLE_MODULES = YES;
				CLANG_ENABLE_OBJC_ARC = YES;
				CLANG_ENABLE_OBJC_WEAK = YES;
				CLANG_WARN_BLOCK_CAPTURE_AUTORELEASING = YES;
				CLANG_WARN_BOOL_CONVERSION = YES;
				CLANG_WARN_COMMA = YES;
				CLANG_WARN_CONSTANT_CONVERSION = YES;
				CLANG_WARN_DEPRECATED_OBJC_IMPLEMENTATIONS = YES;
				CLANG_WARN_DIRECT_OBJC_ISA_USAGE = YES_ERROR;
				CLANG_WARN_DOCUMENTATION_COMMENTS = YES;
				CLANG_WARN_EMPTY_BODY = YES;
				CLANG_WARN_ENUM_CONVERSION = YES;
				CLANG_WARN_INFINITE_RECURSION = YES;
				CLANG_WARN_INT_CONVERSION = YES;
				CLANG_WARN_NON_LITERAL_NULL_CONVERSION = YES;
				CLANG_WARN_OBJC_IMPLICIT_RETAIN_SELF = YES;
				CLANG_WARN_OBJC_LITERAL_CONVERSION = YES;
				CLANG_WARN_OBJC_ROOT_CLASS = YES_ERROR;
				CLANG_WARN_QUOTED_INCLUDE_IN_FRAMEWORK_HEADER = YES;
				CLANG_WARN_RANGE_LOOP_ANALYSIS = YES;
				CLANG_WARN_STRICT_PROTOTYPES = YES;
				CLANG_WARN_SUSPICIOUS_MOVE = YES;
				CLANG_WARN_UNGUARDED_AVAILABILITY = YES_AGGRESSIVE;
				CLANG_WARN_UNREACHABLE_CODE = YES;
				CLANG_WARN__DUPLICATE_METHOD_MATCH = YES;
				COPY_PHASE_STRIP = NO;
				DEBUG_INFORMATION_FORMAT = dwarf;
				ENABLE_STRICT_OBJC_MSGSEND = YES;
				ENABLE_TESTABILITY = YES;
				ENABLE_USER_SCRIPT_SANDBOXING = YES;
				GCC_C_LANGUAGE_STANDARD = gnu17;
				GCC_DYNAMIC_NO_PIC = NO;
				GCC_NO_COMMON_BLOCKS = YES;
				GCC_OPTIMIZATION_LEVEL = 0;
				GCC_PREPROCESSOR_DEFINITIONS = (
					"DEBUG=1",
					"$(inherited)",
				);
				GCC_WARN_64_TO_32_BIT_CONVERSION = YES;
				GCC_WARN_ABOUT_RETURN_TYPE = YES_ERROR;
				GCC_WARN_UNDECLARED_SELECTOR = YES;
				GCC_WARN_UNINITIALIZED_AUTOS = YES_AGGRESSIVE;
				GCC_WARN_UNUSED_FUNCTION = YES;
				GCC_WARN_UNUSED_VARIABLE = YES;
				IPHONEOS_DEPLOYMENT_TARGET = 17.2;
				LOCALIZATION_PREFERS_STRING_CATALOGS = YES;
				MTL_ENABLE_DEBUG_INFO = INCLUDE_SOURCE;
				MTL_FAST_MATH = YES;
				ONLY_ACTIVE_ARCH = YES;
				SDKROOT = iphoneos;
				SWIFT_ACTIVE_COMPILATION_CONDITIONS = "DEBUG $(inherited)";
				SWIFT_OPTIMIZATION_LEVEL = "-Onone";
			};
			name = Debug;
		};
		0639A5822B7C228D00640429 /* Release */ = {
			isa = XCBuildConfiguration;
			buildSettings = {
				ALWAYS_SEARCH_USER_PATHS = NO;
				ASSETCATALOG_COMPILER_GENERATE_SWIFT_ASSET_SYMBOL_EXTENSIONS = YES;
				CLANG_ANALYZER_NONNULL = YES;
				CLANG_ANALYZER_NUMBER_OBJECT_CONVERSION = YES_AGGRESSIVE;
				CLANG_CXX_LANGUAGE_STANDARD = "gnu++20";
				CLANG_ENABLE_MODULES = YES;
				CLANG_ENABLE_OBJC_ARC = YES;
				CLANG_ENABLE_OBJC_WEAK = YES;
				CLANG_WARN_BLOCK_CAPTURE_AUTORELEASING = YES;
				CLANG_WARN_BOOL_CONVERSION = YES;
				CLANG_WARN_COMMA = YES;
				CLANG_WARN_CONSTANT_CONVERSION = YES;
				CLANG_WARN_DEPRECATED_OBJC_IMPLEMENTATIONS = YES;
				CLANG_WARN_DIRECT_OBJC_ISA_USAGE = YES_ERROR;
				CLANG_WARN_DOCUMENTATION_COMMENTS = YES;
				CLANG_WARN_EMPTY_BODY = YES;
				CLANG_WARN_ENUM_CONVERSION = YES;
				CLANG_WARN_INFINITE_RECURSION = YES;
				CLANG_WARN_INT_CONVERSION = YES;
				CLANG_WARN_NON_LITERAL_NULL_CONVERSION = YES;
				CLANG_WARN_OBJC_IMPLICIT_RETAIN_SELF = YES;
				CLANG_WARN_OBJC_LITERAL_CONVERSION = YES;
				CLANG_WARN_OBJC_ROOT_CLASS = YES_ERROR;
				CLANG_WARN_QUOTED_INCLUDE_IN_FRAMEWORK_HEADER = YES;
				CLANG_WARN_RANGE_LOOP_ANALYSIS = YES;
				CLANG_WARN_STRICT_PROTOTYPES = YES;
				CLANG_WARN_SUSPICIOUS_MOVE = YES;
				CLANG_WARN_UNGUARDED_AVAILABILITY = YES_AGGRESSIVE;
				CLANG_WARN_UNREACHABLE_CODE = YES;
				CLANG_WARN__DUPLICATE_METHOD_MATCH = YES;
				COPY_PHASE_STRIP = NO;
				DEBUG_INFORMATION_FORMAT = "dwarf-with-dsym";
				ENABLE_NS_ASSERTIONS = NO;
				ENABLE_STRICT_OBJC_MSGSEND = YES;
				ENABLE_USER_SCRIPT_SANDBOXING = YES;
				GCC_C_LANGUAGE_STANDARD = gnu17;
				GCC_NO_COMMON_BLOCKS = YES;
				GCC_WARN_64_TO_32_BIT_CONVERSION = YES;
				GCC_WARN_ABOUT_RETURN_TYPE = YES_ERROR;
				GCC_WARN_UNDECLARED_SELECTOR = YES;
				GCC_WARN_UNINITIALIZED_AUTOS = YES_AGGRESSIVE;
				GCC_WARN_UNUSED_FUNCTION = YES;
				GCC_WARN_UNUSED_VARIABLE = YES;
				IPHONEOS_DEPLOYMENT_TARGET = 17.2;
				LOCALIZATION_PREFERS_STRING_CATALOGS = YES;
				MTL_ENABLE_DEBUG_INFO = NO;
				MTL_FAST_MATH = YES;
				SDKROOT = iphoneos;
				SWIFT_COMPILATION_MODE = wholemodule;
				VALIDATE_PRODUCT = YES;
			};
			name = Release;
		};
		0639A5842B7C228D00640429 /* Debug */ = {
			isa = XCBuildConfiguration;
			buildSettings = {
				ASSETCATALOG_COMPILER_APPICON_NAME = AppIcon;
				ASSETCATALOG_COMPILER_GLOBAL_ACCENT_COLOR_NAME = AccentColor;
				CODE_SIGN_STYLE = Automatic;
				CURRENT_PROJECT_VERSION = 1;
				DEVELOPMENT_TEAM = Q5FVVPMH8U;
				GENERATE_INFOPLIST_FILE = YES;
				INFOPLIST_FILE = dropDownExample/Info.plist;
				INFOPLIST_KEY_UIApplicationSupportsIndirectInputEvents = YES;
				INFOPLIST_KEY_UILaunchStoryboardName = LaunchScreen;
				INFOPLIST_KEY_UIMainStoryboardFile = Main;
				INFOPLIST_KEY_UISupportedInterfaceOrientations_iPad = "UIInterfaceOrientationPortrait UIInterfaceOrientationPortraitUpsideDown UIInterfaceOrientationLandscapeLeft UIInterfaceOrientationLandscapeRight";
				INFOPLIST_KEY_UISupportedInterfaceOrientations_iPhone = "UIInterfaceOrientationPortrait UIInterfaceOrientationLandscapeLeft UIInterfaceOrientationLandscapeRight";
				LD_RUNPATH_SEARCH_PATHS = (
					"$(inherited)",
					"@executable_path/Frameworks",
				);
				MARKETING_VERSION = 1.0;
				PRODUCT_BUNDLE_IDENTIFIER = Denisse.dropDownExample;
				PRODUCT_NAME = "$(TARGET_NAME)";
				SWIFT_EMIT_LOC_STRINGS = YES;
				SWIFT_VERSION = 5.0;
				TARGETED_DEVICE_FAMILY = "1,2";
			};
			name = Debug;
		};
		0639A5852B7C228D00640429 /* Release */ = {
			isa = XCBuildConfiguration;
			buildSettings = {
				ASSETCATALOG_COMPILER_APPICON_NAME = AppIcon;
				ASSETCATALOG_COMPILER_GLOBAL_ACCENT_COLOR_NAME = AccentColor;
				CODE_SIGN_STYLE = Automatic;
				CURRENT_PROJECT_VERSION = 1;
				DEVELOPMENT_TEAM = Q5FVVPMH8U;
				GENERATE_INFOPLIST_FILE = YES;
				INFOPLIST_FILE = dropDownExample/Info.plist;
				INFOPLIST_KEY_UIApplicationSupportsIndirectInputEvents = YES;
				INFOPLIST_KEY_UILaunchStoryboardName = LaunchScreen;
				INFOPLIST_KEY_UIMainStoryboardFile = Main;
				INFOPLIST_KEY_UISupportedInterfaceOrientations_iPad = "UIInterfaceOrientationPortrait UIInterfaceOrientationPortraitUpsideDown UIInterfaceOrientationLandscapeLeft UIInterfaceOrientationLandscapeRight";
				INFOPLIST_KEY_UISupportedInterfaceOrientations_iPhone = "UIInterfaceOrientationPortrait UIInterfaceOrientationLandscapeLeft UIInterfaceOrientationLandscapeRight";
				LD_RUNPATH_SEARCH_PATHS = (
					"$(inherited)",
					"@executable_path/Frameworks",
				);
				MARKETING_VERSION = 1.0;
				PRODUCT_BUNDLE_IDENTIFIER = Denisse.dropDownExample;
				PRODUCT_NAME = "$(TARGET_NAME)";
				SWIFT_EMIT_LOC_STRINGS = YES;
				SWIFT_VERSION = 5.0;
				TARGETED_DEVICE_FAMILY = "1,2";
			};
			name = Release;
		};
/* End XCBuildConfiguration section */

/* Begin XCConfigurationList section */
		0639A56A2B7C228C00640429 /* Build configuration list for PBXProject "dropDownExample" */ = {
			isa = XCConfigurationList;
			buildConfigurations = (
				0639A5812B7C228D00640429 /* Debug */,
				0639A5822B7C228D00640429 /* Release */,
			);
			defaultConfigurationIsVisible = 0;
			defaultConfigurationName = Release;
		};
		0639A5832B7C228D00640429 /* Build configuration list for PBXNativeTarget "dropDownExample" */ = {
			isa = XCConfigurationList;
			buildConfigurations = (
				0639A5842B7C228D00640429 /* Debug */,
				0639A5852B7C228D00640429 /* Release */,
			);
			defaultConfigurationIsVisible = 0;
			defaultConfigurationName = Release;
		};
/* End XCConfigurationList section */
	};
	rootObject = 0639A5672B7C228C00640429 /* Project object */;
}
